
Microsoft Visual Studio Solution File, Format Version 12.00
# Visual Studio 15
VisualStudioVersion = 15.0.27130.2036
MinimumVisualStudioVersion = 10.0.40219.1
Project("{FAE04EC0-301F-11D3-BF4B-00C04F79EFBC}") = "Poster", "Poster\Poster.csproj", "{9C2713B9-5201-4808-8AFD-3DAEC7330F6E}"
EndProject
Project("{FAE04EC0-301F-11D3-BF4B-00C04F79EFBC}") = "Poster.Test", "PosterTest\Poster.Test.csproj", "{3B6EC929-DFA2-4354-B9A2-63FAB0E4D10F}"
	ProjectSection(ProjectDependencies) = postProject
		{9C2713B9-5201-4808-8AFD-3DAEC7330F6E} = {9C2713B9-5201-4808-8AFD-3DAEC7330F6E}
	EndProjectSection
EndProject
Project("{FAE04EC0-301F-11D3-BF4B-00C04F79EFBC}") = "Poster.Tcp", "Poster.Tcp\Poster.Tcp.csproj", "{D3697C7B-C8BA-42B1-9F30-6CED95C9BF78}"
	ProjectSection(ProjectDependencies) = postProject
		{C1D18032-80AF-4935-817B-281551D18522} = {C1D18032-80AF-4935-817B-281551D18522}
		{9C2713B9-5201-4808-8AFD-3DAEC7330F6E} = {9C2713B9-5201-4808-8AFD-3DAEC7330F6E}
	EndProjectSection
EndProject
Project("{FAE04EC0-301F-11D3-BF4B-00C04F79EFBC}") = "Poster.Tcp.Tests", "Poster.Tcp.Tests\Poster.Tcp.Tests.csproj", "{F99F651C-3906-4090-A868-093455FA01DD}"
	ProjectSection(ProjectDependencies) = postProject
		{D3697C7B-C8BA-42B1-9F30-6CED95C9BF78} = {D3697C7B-C8BA-42B1-9F30-6CED95C9BF78}
		{0D073B7F-6AFD-4757-8A7D-ED981151CAB0} = {0D073B7F-6AFD-4757-8A7D-ED981151CAB0}
		{9C2713B9-5201-4808-8AFD-3DAEC7330F6E} = {9C2713B9-5201-4808-8AFD-3DAEC7330F6E}
	EndProjectSection
EndProject
Project("{FAE04EC0-301F-11D3-BF4B-00C04F79EFBC}") = "Signals", "Signals\Signals.csproj", "{C1D18032-80AF-4935-817B-281551D18522}"
EndProject
Project("{FAE04EC0-301F-11D3-BF4B-00C04F79EFBC}") = "Poster.Freud", "Poster.Freud\Poster.Freud.csproj", "{0D073B7F-6AFD-4757-8A7D-ED981151CAB0}"
	ProjectSection(ProjectDependencies) = postProject
		{9C2713B9-5201-4808-8AFD-3DAEC7330F6E} = {9C2713B9-5201-4808-8AFD-3DAEC7330F6E}
	EndProjectSection
EndProject
Project("{FAE04EC0-301F-11D3-BF4B-00C04F79EFBC}") = "Poster.Tcp.Examples.Chat", "Poster.Tcp.Examples.Chat\Poster.Tcp.Examples.Chat.csproj", "{B0031415-8A55-494F-8CE1-30AA18CD5B7A}"
	ProjectSection(ProjectDependencies) = postProject
		{D3697C7B-C8BA-42B1-9F30-6CED95C9BF78} = {D3697C7B-C8BA-42B1-9F30-6CED95C9BF78}
		{0D073B7F-6AFD-4757-8A7D-ED981151CAB0} = {0D073B7F-6AFD-4757-8A7D-ED981151CAB0}
	EndProjectSection
EndProject
Global
	GlobalSection(SolutionConfigurationPlatforms) = preSolution
		Debug|Any CPU = Debug|Any CPU
		Release|Any CPU = Release|Any CPU
	EndGlobalSection
	GlobalSection(ProjectConfigurationPlatforms) = postSolution
		{9C2713B9-5201-4808-8AFD-3DAEC7330F6E}.Debug|Any CPU.ActiveCfg = Debug|Any CPU
		{9C2713B9-5201-4808-8AFD-3DAEC7330F6E}.Debug|Any CPU.Build.0 = Debug|Any CPU
		{9C2713B9-5201-4808-8AFD-3DAEC7330F6E}.Release|Any CPU.ActiveCfg = Release|Any CPU
		{9C2713B9-5201-4808-8AFD-3DAEC7330F6E}.Release|Any CPU.Build.0 = Release|Any CPU
		{3B6EC929-DFA2-4354-B9A2-63FAB0E4D10F}.Debug|Any CPU.ActiveCfg = Debug|Any CPU
		{3B6EC929-DFA2-4354-B9A2-63FAB0E4D10F}.Debug|Any CPU.Build.0 = Debug|Any CPU
		{3B6EC929-DFA2-4354-B9A2-63FAB0E4D10F}.Release|Any CPU.ActiveCfg = Release|Any CPU
		{3B6EC929-DFA2-4354-B9A2-63FAB0E4D10F}.Release|Any CPU.Build.0 = Release|Any CPU
		{D3697C7B-C8BA-42B1-9F30-6CED95C9BF78}.Debug|Any CPU.ActiveCfg = Debug|Any CPU
		{D3697C7B-C8BA-42B1-9F30-6CED95C9BF78}.Debug|Any CPU.Build.0 = Debug|Any CPU
		{D3697C7B-C8BA-42B1-9F30-6CED95C9BF78}.Release|Any CPU.ActiveCfg = Release|Any CPU
		{D3697C7B-C8BA-42B1-9F30-6CED95C9BF78}.Release|Any CPU.Build.0 = Release|Any CPU
		{F99F651C-3906-4090-A868-093455FA01DD}.Debug|Any CPU.ActiveCfg = Debug|Any CPU
		{F99F651C-3906-4090-A868-093455FA01DD}.Debug|Any CPU.Build.0 = Debug|Any CPU
		{F99F651C-3906-4090-A868-093455FA01DD}.Release|Any CPU.ActiveCfg = Release|Any CPU
		{F99F651C-3906-4090-A868-093455FA01DD}.Release|Any CPU.Build.0 = Release|Any CPU
		{C1D18032-80AF-4935-817B-281551D18522}.Debug|Any CPU.ActiveCfg = Debug|Any CPU
		{C1D18032-80AF-4935-817B-281551D18522}.Debug|Any CPU.Build.0 = Debug|Any CPU
		{C1D18032-80AF-4935-817B-281551D18522}.Release|Any CPU.ActiveCfg = Release|Any CPU
		{C1D18032-80AF-4935-817B-281551D18522}.Release|Any CPU.Build.0 = Release|Any CPU
		{0D073B7F-6AFD-4757-8A7D-ED981151CAB0}.Debug|Any CPU.ActiveCfg = Debug|Any CPU
		{0D073B7F-6AFD-4757-8A7D-ED981151CAB0}.Debug|Any CPU.Build.0 = Debug|Any CPU
		{0D073B7F-6AFD-4757-8A7D-ED981151CAB0}.Release|Any CPU.ActiveCfg = Release|Any CPU
		{0D073B7F-6AFD-4757-8A7D-ED981151CAB0}.Release|Any CPU.Build.0 = Release|Any CPU
		{B0031415-8A55-494F-8CE1-30AA18CD5B7A}.Debug|Any CPU.ActiveCfg = Debug|Any CPU
		{B0031415-8A55-494F-8CE1-30AA18CD5B7A}.Debug|Any CPU.Build.0 = Debug|Any CPU
		{B0031415-8A55-494F-8CE1-30AA18CD5B7A}.Release|Any CPU.ActiveCfg = Release|Any CPU
		{B0031415-8A55-494F-8CE1-30AA18CD5B7A}.Release|Any CPU.Build.0 = Release|Any CPU
	EndGlobalSection
	GlobalSection(SolutionProperties) = preSolution
		HideSolutionNode = FALSE
	EndGlobalSection
	GlobalSection(ExtensibilityGlobals) = postSolution
		SolutionGuid = {1442F328-EEC4-4EE4-83AF-A57268CF20A0}
	EndGlobalSection
EndGlobal
